{
  "name": "pcars2-udp-dash",
  "version": "0.0.1",
  "lockfileVersion": 1,
  "requires": true,
  "dependencies": {
    "eventemitter3": {
      "version": "4.0.7",
      "resolved": "https://registry.npmjs.org/eventemitter3/-/eventemitter3-4.0.7.tgz",
      "integrity": "sha512-8guHBZCwKnFhYdHr2ysuRWErTwhoN2X8XELRlrRwpmfeY2jjuUN4taQMsULKUVo1K4DvZl+0pgfyoysHxvmvEw=="
    },
    "udp-json": {
      "version": "1.2.1",
      "resolved": "https://registry.npmjs.org/udp-json/-/udp-json-1.2.1.tgz",
      "integrity": "sha512-39U9jcX2k2N5JZHiHqybfJitfB1PTELZLcpQJwL+S5H94BnXB6aKno88LpNRYwgfxyhhBcAPFjuLlesU4a14Jw==",
      "requires": {
        "eventemitter3": "^4.0.7"
      }
    }
  }
}
